
Microsoft Visual Studio Solution File, Format Version 12.00
# Visual Studio Version 17
VisualStudioVersion = 17.14.37314.3
MinimumVisualStudioVersion = 10.0.40219.1
Project("{FAE04EC0-301F-11D3-BF4B-00C04F79EFBC}") = "TestFromFuel", "TestFromFuel\TestFromFuel.csproj", "{D5A6F4DC-1E19-415C-B885-9EA6D15BA052}"
EndProject
Project("{FAE04EC0-301F-11D3-BF4B-00C04F79EFBC}") = "Task1Up", "Task1New\Task1Up.csproj", "{8605CCCA-FEEE-3579-9FCB-A8E0843EB320}"
EndProject
Global
	GlobalSection(SolutionConfigurationPlatforms) = preSolution
		Debug|Any CPU = Debug|Any CPU
		Release|Any CPU = Release|Any CPU
	EndGlobalSection
	GlobalSection(ProjectConfigurationPlatforms) = postSolution
		{D5A6F4DC-1E19-415C-B885-9EA6D15BA052}.Debug|Any CPU.ActiveCfg = Debug|Any CPU
		{D5A6F4DC-1E19-415C-B885-9EA6D15BA052}.Debug|Any CPU.Build.0 = Debug|Any CPU
		{D5A6F4DC-1E19-415C-B885-9EA6D15BA052}.Release|Any CPU.ActiveCfg = Release|Any CPU
		{D5A6F4DC-1E19-415C-B885-9EA6D15BA052}.Release|Any CPU.Build.0 = Release|Any CPU
		{8605CCCA-FEEE-3579-9FCB-A8E0843EB320}.Debug|Any CPU.ActiveCfg = Debug|Any CPU
		{8605CCCA-FEEE-3579-9FCB-A8E0843EB320}.Debug|Any CPU.Build.0 = Debug|Any CPU
		{8605CCCA-FEEE-3579-9FCB-A8E0843EB320}.Release|Any CPU.ActiveCfg = Release|Any CPU
		{8605CCCA-FEEE-3579-9FCB-A8E0843EB320}.Release|Any CPU.Build.0 = Release|Any CPU
	EndGlobalSection
	GlobalSection(SolutionProperties) = preSolution
		HideSolutionNode = FALSE
	EndGlobalSection
	GlobalSection(ExtensibilityGlobals) = postSolution
		SolutionGuid = {EB53DF88-D245-4F2D-AA4F-DA78F54E030F}
	EndGlobalSection
EndGlobal
